<?xml version="1.0" encoding="utf-8"?>
<Project ToolsVersion="4.0" xmlns="http://schemas.microsoft.com/developer/msbuild/2003">
  <ItemGroup>
    <Filter Include="Source Files">
      <UniqueIdentifier>{4FC737F1-C7A5-4376-A066-2A32D752A2FF}</UniqueIdentifier>
      <Extensions>cpp;c;cc;cxx;c++;cppm;ixx;def;odl;idl;hpj;bat;asm;asmx</Extensions>
    </Filter>
    <Filter Include="Header Files">
      <UniqueIdentifier>{93995380-89BD-4b04-88EB-625FBE52EBFB}</UniqueIdentifier>
      <Extensions>h;hh;hpp;hxx;h++;hm;inl;inc;ipp;xsd</Extensions>
    </Filter>
    <Filter Include="Resource Files">
      <UniqueIdentifier>{67DA6AB6-F800-4c08-8B7A-83BB121AAD01}</UniqueIdentifier>
      <Extensions>rc;ico;cur;bmp;dlg;rc2;rct;bin;rgs;gif;jpg;jpeg;jpe;resx;tiff;tif;png;wav;mfcribbon-ms</Extensions>
    </Filter>
  </ItemGroup>
  <ItemGroup>
    <ClCompile Include="src\Background.c">
      <Filter>Source Files</Filter>
    </ClCompile>
    <ClCompile Include="src\camera.c">
      <Filter>Source Files</Filter>
    </ClCompile>
    <ClCompile Include="src\cJSON.c">
      <Filter>Source Files</Filter>
    </ClCompile>
    <ClCompile Include="src\Collider.c">
      <Filter>Source Files</Filter>
    </ClCompile>
    <ClCompile Include="src\DynamicText.c">
      <Filter>Source Files</Filter>
    </ClCompile>
    <ClCompile Include="src\EntityManager.c">
      <Filter>Source Files</Filter>
    </ClCompile>
    <ClCompile Include="src\main.c">
      <Filter>Source Files</Filter>
    </ClCompile>
    <ClCompile Include="src\Music.c">
      <Filter>Source Files</Filter>
    </ClCompile>
    <ClCompile Include="src\Prophet.c">
      <Filter>Source Files</Filter>
    </ClCompile>
    <ClCompile Include="src\ResourceManager.c">
      <Filter>Source Files</Filter>
    </ClCompile>
    <ClCompile Include="src\sdl_app.c">
      <Filter>Source Files</Filter>
    </ClCompile>
    <ClCompile Include="src\Sound.c">
      <Filter>Source Files</Filter>
    </ClCompile>
    <ClCompile Include="src\Sprite.c">
      <Filter>Source Files</Filter>
    </ClCompile>
    <ClCompile Include="src\TexturedRectangle.c">
      <Filter>Source Files</Filter>
    </ClCompile>
    <ClCompile Include="src\util.c">
      <Filter>Source Files</Filter>
    </ClCompile>
    <ClCompile Include="src\Effect.c">
      <Filter>Source Files</Filter>
    </ClCompile>
    <ClCompile Include="src\Keeper.c">
      <Filter>Source Files</Filter>
    </ClCompile>
    <ClCompile Include="src\Lancelot.c">
      <Filter>Source Files</Filter>
    </ClCompile>
    <ClCompile Include="src\stage1.c">
      <Filter>Source Files</Filter>
    </ClCompile>
    <ClCompile Include="src\StageManager.c">
      <Filter>Source Files</Filter>
    </ClCompile>
    <ClCompile Include="src\GameState.c">
      <Filter>Source Files</Filter>
    </ClCompile>
  </ItemGroup>
  <ItemGroup>
    <ClInclude Include="src\Background.h">
      <Filter>Header Files</Filter>
    </ClInclude>
    <ClInclude Include="src\camera.h">
      <Filter>Header Files</Filter>
    </ClInclude>
    <ClInclude Include="src\cJSON.h">
      <Filter>Header Files</Filter>
    </ClInclude>
    <ClInclude Include="src\Collider.h">
      <Filter>Header Files</Filter>
    </ClInclude>
    <ClInclude Include="src\config.h">
      <Filter>Header Files</Filter>
    </ClInclude>
    <ClInclude Include="src\DynamicText.h">
      <Filter>Header Files</Filter>
    </ClInclude>
    <ClInclude Include="src\EntityManager.h">
      <Filter>Header Files</Filter>
    </ClInclude>
    <ClInclude Include="src\Music.h">
      <Filter>Header Files</Filter>
    </ClInclude>
    <ClInclude Include="src\Prophet.h">
      <Filter>Header Files</Filter>
    </ClInclude>
    <ClInclude Include="src\ResourceManager.h">
      <Filter>Header Files</Filter>
    </ClInclude>
    <ClInclude Include="src\sdl_app.h">
      <Filter>Header Files</Filter>
    </ClInclude>
    <ClInclude Include="src\Sound.h">
      <Filter>Header Files</Filter>
    </ClInclude>
    <ClInclude Include="src\Sprite.h">
      <Filter>Header Files</Filter>
    </ClInclude>
    <ClInclude Include="src\TexturedRectangle.h">
      <Filter>Header Files</Filter>
    </ClInclude>
    <ClInclude Include="src\util.h">
      <Filter>Header Files</Filter>
    </ClInclude>
    <ClInclude Include="src\Effect.h">
      <Filter>Header Files</Filter>
    </ClInclude>
    <ClInclude Include="src\Keeper.h">
      <Filter>Header Files</Filter>
    </ClInclude>
    <ClInclude Include="src\Lancelot.h">
      <Filter>Header Files</Filter>
    </ClInclude>
    <ClInclude Include="src\StageManager.h">
      <Filter>Header Files</Filter>
    </ClInclude>
    <ClInclude Include="src\GameState.h">
      <Filter>Header Files</Filter>
    </ClInclude>
  </ItemGroup>
  <ItemGroup>
    <None Include="assets\effect1.json">
      <Filter>Resource Files</Filter>
    </None>
  </ItemGroup>
</Project>